
Microsoft Visual Studio Solution File, Format Version 12.00
# Visual Studio Version 16
VisualStudioVersion = 16.0.30204.135
MinimumVisualStudioVersion = 10.0.40219.1
Project("{FAE04EC0-301F-11D3-BF4B-00C04F79EFBC}") = "Sunset Hills", "Sunset Hills.csproj", "{ED6170FD-387F-47A0-A7D0-B43ED16FBFFD}"
EndProject
Global
	GlobalSection(SolutionConfigurationPlatforms) = preSolution
		Debug|Any CPU = Debug|Any CPU
		Release|Any CPU = Release|Any CPU
	EndGlobalSection
	GlobalSection(ProjectConfigurationPlatforms) = postSolution
		{ED6170FD-387F-47A0-A7D0-B43ED16FBFFD}.Debug|Any CPU.ActiveCfg = Debug|Any CPU
		{ED6170FD-387F-47A0-A7D0-B43ED16FBFFD}.Debug|Any CPU.Build.0 = Debug|Any CPU
		{ED6170FD-387F-47A0-A7D0-B43ED16FBFFD}.Release|Any CPU.ActiveCfg = Release|Any CPU
		{ED6170FD-387F-47A0-A7D0-B43ED16FBFFD}.Release|Any CPU.Build.0 = Release|Any CPU
	EndGlobalSection
	GlobalSection(SolutionProperties) = preSolution
		HideSolutionNode = FALSE
	EndGlobalSection
	GlobalSection(ExtensibilityGlobals) = postSolution
		SolutionGuid = {2E32E983-4CEB-4A76-BC4B-7C0D0C3FEA53}
	EndGlobalSection
EndGlobal
